<?xml version="1.0" encoding="utf-8"?>
<Project ToolsVersion="4.0" xmlns="http://schemas.microsoft.com/developer/msbuild/2003">
  <ItemGroup>
    <Filter Include="win32">
      <UniqueIdentifier>{84a8ebd7-7cf0-47f6-b75e-d441df67da40}</UniqueIdentifier>
    </Filter>
    <Filter Include="resource">
      <UniqueIdentifier>{715254bc-d70b-4ec5-bf29-467dd3ace079}</UniqueIdentifier>
    </Filter>
    <Filter Include="src">
      <UniqueIdentifier>{bb6c862e-70e9-49d9-81b7-3829a6f50471}</UniqueIdentifier>
    </Filter>
    <Filter Include="engine">
      <UniqueIdentifier>{3c8200a6-3391-4253-853f-867ab0f5e877}</UniqueIdentifier>
    </Filter>
    <Filter Include="engine\include">
      <UniqueIdentifier>{405c0a41-a3c3-4a0a-acce-a8506fa76efa}</UniqueIdentifier>
    </Filter>
    <Filter Include="engine\src">
      <UniqueIdentifier>{ab375575-edbe-4255-ae77-e7a9039ca5b1}</UniqueIdentifier>
    </Filter>
    <Filter Include="engine\include\core">
      <UniqueIdentifier>{940cbb02-9504-4473-a6af-80dcb91c188e}</UniqueIdentifier>
    </Filter>
    <Filter Include="engine\include\mvc">
      <UniqueIdentifier>{ea0d5513-ca8a-491b-b8f7-664dd8c53441}</UniqueIdentifier>
    </Filter>
    <Filter Include="engine\include\core\threading">
      <UniqueIdentifier>{4b22e43f-a550-4890-9af5-042d13fbd21f}</UniqueIdentifier>
    </Filter>
    <Filter Include="engine\include\core\streams">
      <UniqueIdentifier>{3d119cce-dbdd-4062-9320-07d6689a30ab}</UniqueIdentifier>
    </Filter>
    <Filter Include="engine\src\core">
      <UniqueIdentifier>{e78f74dc-0a5b-457a-8547-98e9ae59580e}</UniqueIdentifier>
    </Filter>
    <Filter Include="engine\src\mvc">
      <UniqueIdentifier>{785432d0-34ce-4949-88f3-7978ecc43e9c}</UniqueIdentifier>
    </Filter>
    <Filter Include="engine\src\core\threading">
      <UniqueIdentifier>{53edb113-8118-4c7a-bbab-fda229f715a5}</UniqueIdentifier>
    </Filter>
    <Filter Include="engine\src\core\streams">
      <UniqueIdentifier>{bddb6447-35ee-46b5-9dbd-481f7dc54578}</UniqueIdentifier>
    </Filter>
    <Filter Include="gamebase">
      <UniqueIdentifier>{e33fe364-931f-4c6d-8be6-10de355101bb}</UniqueIdentifier>
    </Filter>
    <Filter Include="src\application">
      <UniqueIdentifier>{f600f433-7df4-427d-befe-127a1fac9586}</UniqueIdentifier>
    </Filter>
    <Filter Include="engine\src\core\Win">
      <UniqueIdentifier>{28b14ed7-c72b-4cae-bc82-c6ff5e275b5b}</UniqueIdentifier>
    </Filter>
    <Filter Include="engine\include\lua">
      <UniqueIdentifier>{ca28540d-6930-46f9-afbd-f5c516a487df}</UniqueIdentifier>
    </Filter>
    <Filter Include="engine\src\lua">
      <UniqueIdentifier>{19dc160c-5ca6-4ff4-ada5-94a03c6457f3}</UniqueIdentifier>
    </Filter>
    <Filter Include="luabridge">
      <UniqueIdentifier>{087cd15e-1ec4-41cb-9a89-1a5e5e9daa27}</UniqueIdentifier>
    </Filter>
    <Filter Include="engine\include\json">
      <UniqueIdentifier>{0ee15e72-d944-4654-8c18-40510819e67c}</UniqueIdentifier>
    </Filter>
    <Filter Include="engine\src\json">
      <UniqueIdentifier>{20c982b5-11eb-4b0b-b066-2326ad60a8dd}</UniqueIdentifier>
    </Filter>
    <Filter Include="engine\include\core\Win">
      <UniqueIdentifier>{171d850d-8cb7-41fb-9d49-49cf0f19882d}</UniqueIdentifier>
    </Filter>
    <Filter Include="engine\include\xml">
      <UniqueIdentifier>{12242b20-4906-4f98-a939-55ca96d05bde}</UniqueIdentifier>
    </Filter>
    <Filter Include="engine\src\xml">
      <UniqueIdentifier>{d9bd801a-5990-47a3-b308-b6c5effab288}</UniqueIdentifier>
    </Filter>
    <Filter Include="src\battle">
      <UniqueIdentifier>{188dcb8b-8bae-4995-89bf-e304ef994179}</UniqueIdentifier>
    </Filter>
    <Filter Include="src\ecs">
      <UniqueIdentifier>{c6acf7af-2b3d-44fd-bfb9-ea861c94f7c9}</UniqueIdentifier>
    </Filter>
    <Filter Include="src\tasks">
      <UniqueIdentifier>{2bc5e768-12f9-4b2c-9d1a-ed0b41006bdc}</UniqueIdentifier>
    </Filter>
  </ItemGroup>
  <ItemGroup>
    <ClCompile Include="main.cpp">
      <Filter>win32</Filter>
    </ClCompile>
    <ClCompile Include="..\Classes\AppDelegate.cpp">
      <Filter>src</Filter>
    </ClCompile>
    <ClCompile Include="..\engine\src\core\U2AlignedAllocator.cpp">
      <Filter>engine\src\core</Filter>
    </ClCompile>
    <ClCompile Include="..\engine\src\core\U2FactoryManager.cpp">
      <Filter>engine\src\core</Filter>
    </ClCompile>
    <ClCompile Include="..\engine\src\core\U2MemoryAllocatedObject.cpp">
      <Filter>engine\src\core</Filter>
    </ClCompile>
    <ClCompile Include="..\engine\src\core\U2MemoryTracker.cpp">
      <Filter>engine\src\core</Filter>
    </ClCompile>
    <ClCompile Include="..\engine\src\core\U2NameGenerator.cpp">
      <Filter>engine\src\core</Filter>
    </ClCompile>
    <ClCompile Include="..\engine\src\core\U2Object.cpp">
      <Filter>engine\src\core</Filter>
    </ClCompile>
    <ClCompile Include="..\engine\src\core\U2PoolingObjectManager.cpp">
      <Filter>engine\src\core</Filter>
    </ClCompile>
    <ClCompile Include="..\engine\src\core\U2Prerequisites.cpp">
      <Filter>engine\src\core</Filter>
    </ClCompile>
    <ClCompile Include="..\engine\src\core\U2SimpleObjectManager.cpp">
      <Filter>engine\src\core</Filter>
    </ClCompile>
    <ClCompile Include="..\engine\src\core\U2TypedObjectManager.cpp">
      <Filter>engine\src\core</Filter>
    </ClCompile>
    <ClCompile Include="..\engine\src\core\streams\U2CodeCvt.cpp">
      <Filter>engine\src\core\streams</Filter>
    </ClCompile>
    <ClCompile Include="..\engine\src\core\streams\U2DataFilterStream.cpp">
      <Filter>engine\src\core\streams</Filter>
    </ClCompile>
    <ClCompile Include="..\engine\src\core\streams\U2FileStream.cpp">
      <Filter>engine\src\core\streams</Filter>
    </ClCompile>
    <ClCompile Include="..\engine\src\core\streams\U2FilterStream.cpp">
      <Filter>engine\src\core\streams</Filter>
    </ClCompile>
    <ClCompile Include="..\engine\src\core\streams\U2Stream.cpp">
      <Filter>engine\src\core\streams</Filter>
    </ClCompile>
    <ClCompile Include="..\engine\src\mvc\U2Command.cpp">
      <Filter>engine\src\mvc</Filter>
    </ClCompile>
    <ClCompile Include="..\engine\src\mvc\U2Context.cpp">
      <Filter>engine\src\mvc</Filter>
    </ClCompile>
    <ClCompile Include="..\engine\src\mvc\U2ContextQueue.cpp">
      <Filter>engine\src\mvc</Filter>
    </ClCompile>
    <ClCompile Include="..\engine\src\mvc\U2Controller.cpp">
      <Filter>engine\src\mvc</Filter>
    </ClCompile>
    <ClCompile Include="..\engine\src\mvc\U2Facade.cpp">
      <Filter>engine\src\mvc</Filter>
    </ClCompile>
    <ClCompile Include="..\engine\src\mvc\U2Model.cpp">
      <Filter>engine\src\mvc</Filter>
    </ClCompile>
    <ClCompile Include="..\engine\src\mvc\U2Notification.cpp">
      <Filter>engine\src\mvc</Filter>
    </ClCompile>
    <ClCompile Include="..\engine\src\mvc\U2Notifier.cpp">
      <Filter>engine\src\mvc</Filter>
    </ClCompile>
    <ClCompile Include="..\engine\src\mvc\U2Observer.cpp">
      <Filter>engine\src\mvc</Filter>
    </ClCompile>
    <ClCompile Include="..\engine\src\mvc\U2PredefinedCommands.cpp">
      <Filter>engine\src\mvc</Filter>
    </ClCompile>
    <ClCompile Include="..\engine\src\mvc\U2PredefinedFacade.cpp">
      <Filter>engine\src\mvc</Filter>
    </ClCompile>
    <ClCompile Include="..\engine\src\mvc\U2PredefinedMediators.cpp">
      <Filter>engine\src\mvc</Filter>
    </ClCompile>
    <ClCompile Include="..\engine\src\mvc\U2PredefinedPrerequisites.cpp">
      <Filter>engine\src\mvc</Filter>
    </ClCompile>
    <ClCompile Include="..\engine\src\mvc\U2PredefinedProxies.cpp">
      <Filter>engine\src\mvc</Filter>
    </ClCompile>
    <ClCompile Include="..\engine\src\mvc\U2Proxy.cpp">
      <Filter>engine\src\mvc</Filter>
    </ClCompile>
    <ClCompile Include="..\engine\src\mvc\U2SimpleCommand.cpp">
      <Filter>engine\src\mvc</Filter>
    </ClCompile>
    <ClCompile Include="..\engine\src\mvc\U2TransStep.cpp">
      <Filter>engine\src\mvc</Filter>
    </ClCompile>
    <ClCompile Include="..\engine\src\mvc\U2View.cpp">
      <Filter>engine\src\mvc</Filter>
    </ClCompile>
    <ClCompile Include="..\engine\src\mvc\U2ViewComponent.cpp">
      <Filter>engine\src\mvc</Filter>
    </ClCompile>
    <ClCompile Include="..\gamebase\U2CocosFrameListenerCollection.cpp">
      <Filter>gamebase</Filter>
    </ClCompile>
    <ClCompile Include="..\gamebase\U2CocosViewComponent.cpp">
      <Filter>gamebase</Filter>
    </ClCompile>
    <ClCompile Include="..\engine\src\core\threading\U2TaskGroup.cpp">
      <Filter>engine\src\core\threading</Filter>
    </ClCompile>
    <ClCompile Include="..\engine\src\core\threading\U2GenericThreadPool.cpp">
      <Filter>engine\src\core\threading</Filter>
    </ClCompile>
    <ClCompile Include="..\engine\src\core\threading\U2HomogenousQueue.cpp">
      <Filter>engine\src\core\threading</Filter>
    </ClCompile>
    <ClCompile Include="..\engine\src\core\U2Exception.cpp">
      <Filter>engine\src\core</Filter>
    </ClCompile>
    <ClCompile Include="..\engine\src\core\U2Log.cpp">
      <Filter>engine\src\core</Filter>
    </ClCompile>
    <ClCompile Include="..\engine\src\core\U2LogManager.cpp">
      <Filter>engine\src\core</Filter>
    </ClCompile>
    <ClCompile Include="..\engine\src\core\threading\U2Worker.cpp">
      <Filter>engine\src\core\threading</Filter>
    </ClCompile>
    <ClCompile Include="..\engine\src\core\streams\U2PipedStream.cpp">
      <Filter>engine\src\core\streams</Filter>
    </ClCompile>
    <ClCompile Include="..\engine\src\core\streams\U2FileHandleStream.cpp">
      <Filter>engine\src\core\streams</Filter>
    </ClCompile>
    <ClCompile Include="..\engine\src\core\streams\U2ZipStream.cpp">
      <Filter>engine\src\core\streams</Filter>
    </ClCompile>
    <ClCompile Include="..\engine\src\core\streams\U2MemoryStream.cpp">
      <Filter>engine\src\core\streams</Filter>
    </ClCompile>
    <ClCompile Include="..\engine\src\core\U2StringUtil.cpp">
      <Filter>engine\src\core</Filter>
    </ClCompile>
    <ClCompile Include="..\engine\src\core\U2Archive.cpp">
      <Filter>engine\src\core</Filter>
    </ClCompile>
    <ClCompile Include="..\engine\src\core\U2FileSystemArchive.cpp">
      <Filter>engine\src\core</Filter>
    </ClCompile>
    <ClCompile Include="..\engine\src\core\U2ZipArchive.cpp">
      <Filter>engine\src\core</Filter>
    </ClCompile>
    <ClCompile Include="..\engine\src\core\U2SearchOps.cpp">
      <Filter>engine\src\core</Filter>
    </ClCompile>
    <ClCompile Include="..\engine\src\core\U2Resource.cpp">
      <Filter>engine\src\core</Filter>
    </ClCompile>
    <ClCompile Include="..\engine\src\core\U2ResourceGroupManager.cpp">
      <Filter>engine\src\core</Filter>
    </ClCompile>
    <ClCompile Include="..\engine\src\core\U2ResourceManager.cpp">
      <Filter>engine\src\core</Filter>
    </ClCompile>
    <ClCompile Include="..\engine\src\core\U2Common.cpp">
      <Filter>engine\src\core</Filter>
    </ClCompile>
    <ClCompile Include="..\engine\src\core\U2StringInterface.cpp">
      <Filter>engine\src\core</Filter>
    </ClCompile>
    <ClCompile Include="..\engine\src\core\U2ConfigFile.cpp">
      <Filter>engine\src\core</Filter>
    </ClCompile>
    <ClCompile Include="..\engine\src\core\U2AtomicScalar.cpp">
      <Filter>engine\src\core</Filter>
    </ClCompile>
    <ClCompile Include="..\engine\src\core\Win\U2FileSystemLayer.cpp">
      <Filter>engine\src\core\Win</Filter>
    </ClCompile>
    <ClCompile Include="..\engine\src\core\streams\U2StringStream.cpp">
      <Filter>engine\src\core\streams</Filter>
    </ClCompile>
    <ClCompile Include="..\engine\src\core\U2Task.cpp">
      <Filter>engine\src\core</Filter>
    </ClCompile>
    <ClCompile Include="..\engine\src\core\U2TaskLoop.cpp">
      <Filter>engine\src\core</Filter>
    </ClCompile>
    <ClCompile Include="..\engine\src\core\U2ObjectCollection.cpp">
      <Filter>engine\src\core</Filter>
    </ClCompile>
    <ClCompile Include="..\engine\src\core\U2TNedObjectManager.cpp">
      <Filter>engine\src\core</Filter>
    </ClCompile>
    <ClCompile Include="..\engine\src\core\U2DataPool.cpp">
      <Filter>engine\src\core</Filter>
    </ClCompile>
    <ClCompile Include="..\engine\src\core\U2HttpClientImpl.cpp">
      <Filter>engine\src\core</Filter>
    </ClCompile>
    <ClCompile Include="..\engine\src\core\U2HttpClient.cpp">
      <Filter>engine\src\core</Filter>
    </ClCompile>
    <ClCompile Include="..\engine\src\core\U2HttpDownloadClient.cpp">
      <Filter>engine\src\core</Filter>
    </ClCompile>
    <ClCompile Include="..\engine\src\core\U2FrameListenerCollection.cpp">
      <Filter>engine\src\core</Filter>
    </ClCompile>
    <ClCompile Include="..\engine\src\mvc\U2Herald.cpp">
      <Filter>engine\src\mvc</Filter>
    </ClCompile>
    <ClCompile Include="..\engine\src\mvc\U2LuaScript.cpp">
      <Filter>engine\src\mvc</Filter>
    </ClCompile>
    <ClCompile Include="..\engine\src\mvc\U2PredefinedLuaTasks.cpp">
      <Filter>engine\src\mvc</Filter>
    </ClCompile>
    <ClCompile Include="..\engine\src\mvc\U2Script.cpp">
      <Filter>engine\src\mvc</Filter>
    </ClCompile>
    <ClCompile Include="..\engine\src\lua\lapi.c">
      <Filter>engine\src\lua</Filter>
    </ClCompile>
    <ClCompile Include="..\engine\src\lua\lauxlib.c">
      <Filter>engine\src\lua</Filter>
    </ClCompile>
    <ClCompile Include="..\engine\src\lua\lbaselib.c">
      <Filter>engine\src\lua</Filter>
    </ClCompile>
    <ClCompile Include="..\engine\src\lua\lcode.c">
      <Filter>engine\src\lua</Filter>
    </ClCompile>
    <ClCompile Include="..\engine\src\lua\ldblib.c">
      <Filter>engine\src\lua</Filter>
    </ClCompile>
    <ClCompile Include="..\engine\src\lua\ldebug.c">
      <Filter>engine\src\lua</Filter>
    </ClCompile>
    <ClCompile Include="..\engine\src\lua\ldo.c">
      <Filter>engine\src\lua</Filter>
    </ClCompile>
    <ClCompile Include="..\engine\src\lua\ldump.c">
      <Filter>engine\src\lua</Filter>
    </ClCompile>
    <ClCompile Include="..\engine\src\lua\lfunc.c">
      <Filter>engine\src\lua</Filter>
    </ClCompile>
    <ClCompile Include="..\engine\src\lua\lgc.c">
      <Filter>engine\src\lua</Filter>
    </ClCompile>
    <ClCompile Include="..\engine\src\lua\linit.c">
      <Filter>engine\src\lua</Filter>
    </ClCompile>
    <ClCompile Include="..\engine\src\lua\liolib.c">
      <Filter>engine\src\lua</Filter>
    </ClCompile>
    <ClCompile Include="..\engine\src\lua\llex.c">
      <Filter>engine\src\lua</Filter>
    </ClCompile>
    <ClCompile Include="..\engine\src\lua\lmathlib.c">
      <Filter>engine\src\lua</Filter>
    </ClCompile>
    <ClCompile Include="..\engine\src\lua\lmem.c">
      <Filter>engine\src\lua</Filter>
    </ClCompile>
    <ClCompile Include="..\engine\src\lua\loadlib.c">
      <Filter>engine\src\lua</Filter>
    </ClCompile>
    <ClCompile Include="..\engine\src\lua\lobject.c">
      <Filter>engine\src\lua</Filter>
    </ClCompile>
    <ClCompile Include="..\engine\src\lua\lopcodes.c">
      <Filter>engine\src\lua</Filter>
    </ClCompile>
    <ClCompile Include="..\engine\src\lua\loslib.c">
      <Filter>engine\src\lua</Filter>
    </ClCompile>
    <ClCompile Include="..\engine\src\lua\lparser.c">
      <Filter>engine\src\lua</Filter>
    </ClCompile>
    <ClCompile Include="..\engine\src\lua\lstate.c">
      <Filter>engine\src\lua</Filter>
    </ClCompile>
    <ClCompile Include="..\engine\src\lua\lstring.c">
      <Filter>engine\src\lua</Filter>
    </ClCompile>
    <ClCompile Include="..\engine\src\lua\lstrlib.c">
      <Filter>engine\src\lua</Filter>
    </ClCompile>
    <ClCompile Include="..\engine\src\lua\ltable.c">
      <Filter>engine\src\lua</Filter>
    </ClCompile>
    <ClCompile Include="..\engine\src\lua\ltablib.c">
      <Filter>engine\src\lua</Filter>
    </ClCompile>
    <ClCompile Include="..\engine\src\lua\ltm.c">
      <Filter>engine\src\lua</Filter>
    </ClCompile>
    <ClCompile Include="..\engine\src\lua\lua.c">
      <Filter>engine\src\lua</Filter>
    </ClCompile>
    <ClCompile Include="..\engine\src\lua\lundump.c">
      <Filter>engine\src\lua</Filter>
    </ClCompile>
    <ClCompile Include="..\engine\src\lua\lvm.c">
      <Filter>engine\src\lua</Filter>
    </ClCompile>
    <ClCompile Include="..\engine\src\lua\lzio.c">
      <Filter>engine\src\lua</Filter>
    </ClCompile>
    <ClCompile Include="..\engine\src\lua\print.c">
      <Filter>engine\src\lua</Filter>
    </ClCompile>
    <ClCompile Include="..\gamebase\U2CocosLuaScript.cpp">
      <Filter>gamebase</Filter>
    </ClCompile>
    <ClCompile Include="..\gamebase\U2CocosPrerequisites.cpp">
      <Filter>gamebase</Filter>
    </ClCompile>
    <ClCompile Include="..\Classes\application\AppCommands.cpp">
      <Filter>src\application</Filter>
    </ClCompile>
    <ClCompile Include="..\Classes\application\AppFacade.cpp">
      <Filter>src\application</Filter>
    </ClCompile>
    <ClCompile Include="..\Classes\application\AppLuaTasks.cpp">
      <Filter>src\application</Filter>
    </ClCompile>
    <ClCompile Include="..\Classes\application\AppPrerequisites.cpp">
      <Filter>src\application</Filter>
    </ClCompile>
    <ClCompile Include="..\Classes\application\AppViewComponents.cpp">
      <Filter>src\application</Filter>
    </ClCompile>
    <ClCompile Include="..\engine\src\core\U2Version.cpp">
      <Filter>engine\src\core</Filter>
    </ClCompile>
    <ClCompile Include="..\luabridge\U2ConstantBridge.cpp">
      <Filter>luabridge</Filter>
    </ClCompile>
    <ClCompile Include="..\luabridge\U2DataModelBridge.cpp">
      <Filter>luabridge</Filter>
    </ClCompile>
    <ClCompile Include="..\luabridge\U2GameBridge.cpp">
      <Filter>luabridge</Filter>
    </ClCompile>
    <ClCompile Include="..\luabridge\U2LuaScriptBridge.cpp">
      <Filter>luabridge</Filter>
    </ClCompile>
    <ClCompile Include="..\luabridge\U2MvcBridge.cpp">
      <Filter>luabridge</Filter>
    </ClCompile>
    <ClCompile Include="..\engine\src\core\U2Component.cpp">
      <Filter>engine\src\core</Filter>
    </ClCompile>
    <ClCompile Include="..\engine\src\core\U2System.cpp">
      <Filter>engine\src\core</Filter>
    </ClCompile>
    <ClCompile Include="..\engine\src\core\U2GameObject.cpp">
      <Filter>engine\src\core</Filter>
    </ClCompile>
    <ClCompile Include="..\engine\src\core\U2Prototype.cpp">
      <Filter>engine\src\core</Filter>
    </ClCompile>
    <ClCompile Include="..\engine\src\core\U2XmlSerialize.cpp">
      <Filter>engine\src\core</Filter>
    </ClCompile>
    <ClCompile Include="..\engine\src\core\U2GameObjectSerialize.cpp">
      <Filter>engine\src\core</Filter>
    </ClCompile>
    <ClCompile Include="..\engine\src\core\U2WebSocketClient.cpp">
      <Filter>engine\src\core</Filter>
    </ClCompile>
    <ClCompile Include="..\engine\src\core\U2SocketTask.cpp">
      <Filter>engine\src\core</Filter>
    </ClCompile>
    <ClCompile Include="..\engine\src\json\json_reader.cpp">
      <Filter>engine\src\json</Filter>
    </ClCompile>
    <ClCompile Include="..\engine\src\json\json_value.cpp">
      <Filter>engine\src\json</Filter>
    </ClCompile>
    <ClCompile Include="..\engine\src\json\json_writer.cpp">
      <Filter>engine\src\json</Filter>
    </ClCompile>
    <ClCompile Include="..\engine\src\core\U2WebSocketClientImpl.cpp">
      <Filter>engine\src\core</Filter>
    </ClCompile>
    <ClCompile Include="..\engine\src\core\U2LogicClient.cpp">
      <Filter>engine\src\core</Filter>
    </ClCompile>
    <ClCompile Include="..\engine\src\core\U2Scheduler.cpp">
      <Filter>engine\src\core</Filter>
    </ClCompile>
    <ClCompile Include="..\engine\src\core\Win\U2Timer.cpp">
      <Filter>engine\src\core\Win</Filter>
    </ClCompile>
    <ClCompile Include="..\engine\src\core\U2ComponentSerialize.cpp">
      <Filter>engine\src\core</Filter>
    </ClCompile>
    <ClCompile Include="..\engine\src\xml\tinystr.cpp">
      <Filter>engine\src\xml</Filter>
    </ClCompile>
    <ClCompile Include="..\engine\src\xml\tinyxml.cpp">
      <Filter>engine\src\xml</Filter>
    </ClCompile>
    <ClCompile Include="..\engine\src\xml\tinyxmlerror.cpp">
      <Filter>engine\src\xml</Filter>
    </ClCompile>
    <ClCompile Include="..\engine\src\xml\tinyxmlparser.cpp">
      <Filter>engine\src\xml</Filter>
    </ClCompile>
    <ClCompile Include="..\engine\src\core\U2Core.cpp">
      <Filter>engine\src\core</Filter>
    </ClCompile>
    <ClCompile Include="..\Classes\battle\JoystickViewComponent.cpp">
      <Filter>src\battle</Filter>
    </ClCompile>
    <ClCompile Include="..\Classes\battle\BattleCommands.cpp">
      <Filter>src\battle</Filter>
    </ClCompile>
    <ClCompile Include="..\Classes\battle\BattleViewComponents.cpp">
      <Filter>src\battle</Filter>
    </ClCompile>
    <ClCompile Include="..\engine\src\core\streams\U2VariableMemStream.cpp">
      <Filter>engine\src\core\streams</Filter>
    </ClCompile>
    <ClCompile Include="..\Classes\ecs\GameComponentManager.cpp">
      <Filter>src\ecs</Filter>
    </ClCompile>
    <ClCompile Include="..\Classes\ecs\GameComponents.cpp">
      <Filter>src\ecs</Filter>
    </ClCompile>
    <ClCompile Include="..\Classes\ecs\GameSystems.cpp">
      <Filter>src\ecs</Filter>
    </ClCompile>
    <ClCompile Include="..\Classes\tasks\GameWsClientImpl.cpp">
      <Filter>src\tasks</Filter>
    </ClCompile>
    <ClCompile Include="..\Classes\tasks\GameRecvSocketTasks.cpp">
      <Filter>src\tasks</Filter>
    </ClCompile>
    <ClCompile Include="..\Classes\tasks\GameSendSocketTasks.cpp">
      <Filter>src\tasks</Filter>
    </ClCompile>
    <ClCompile Include="..\Classes\tasks\GameHttpRequests.cpp">
      <Filter>src\tasks</Filter>
    </ClCompile>
    <ClCompile Include="..\Classes\tasks\GameHttpResponses.cpp">
      <Filter>src\tasks</Filter>
    </ClCompile>
    <ClCompile Include="..\engine\src\core\U2Root.cpp">
      <Filter>engine\src\core</Filter>
    </ClCompile>
    <ClCompile Include="..\engine\src\core\U2UrlUtils.cpp">
      <Filter>engine\src\core</Filter>
    </ClCompile>
    <ClCompile Include="..\Classes\tasks\GameUrlMaker.cpp">
      <Filter>src\tasks</Filter>
    </ClCompile>
    <ClCompile Include="..\Classes\GameDataPool.cpp">
      <Filter>src</Filter>
    </ClCompile>
    <ClCompile Include="..\Classes\ecs\GameScene.cpp">
      <Filter>src\ecs</Filter>
    </ClCompile>
  </ItemGroup>
  <ItemGroup>
    <ClInclude Include="main.h">
      <Filter>win32</Filter>
    </ClInclude>
    <ClInclude Include="..\Classes\AppDelegate.h">
      <Filter>src</Filter>
    </ClInclude>
    <ClInclude Include="..\engine\include\mvc\U2Command.h">
      <Filter>engine\include\mvc</Filter>
    </ClInclude>
    <ClInclude Include="..\engine\include\mvc\U2Context.h">
      <Filter>engine\include\mvc</Filter>
    </ClInclude>
    <ClInclude Include="..\engine\include\mvc\U2ContextQueue.h">
      <Filter>engine\include\mvc</Filter>
    </ClInclude>
    <ClInclude Include="..\engine\include\mvc\U2Controller.h">
      <Filter>engine\include\mvc</Filter>
    </ClInclude>
    <ClInclude Include="..\engine\include\mvc\U2Facade.h">
      <Filter>engine\include\mvc</Filter>
    </ClInclude>
    <ClInclude Include="..\engine\include\mvc\U2Model.h">
      <Filter>engine\include\mvc</Filter>
    </ClInclude>
    <ClInclude Include="..\engine\include\mvc\U2Mvc.h">
      <Filter>engine\include\mvc</Filter>
    </ClInclude>
    <ClInclude Include="..\engine\include\mvc\U2Notification.h">
      <Filter>engine\include\mvc</Filter>
    </ClInclude>
    <ClInclude Include="..\engine\include\mvc\U2Notifier.h">
      <Filter>engine\include\mvc</Filter>
    </ClInclude>
    <ClInclude Include="..\engine\include\mvc\U2Observer.h">
      <Filter>engine\include\mvc</Filter>
    </ClInclude>
    <ClInclude Include="..\engine\include\mvc\U2PredefinedCommands.h">
      <Filter>engine\include\mvc</Filter>
    </ClInclude>
    <ClInclude Include="..\engine\include\mvc\U2PredefinedFacade.h">
      <Filter>engine\include\mvc</Filter>
    </ClInclude>
    <ClInclude Include="..\engine\include\mvc\U2PredefinedMediators.h">
      <Filter>engine\include\mvc</Filter>
    </ClInclude>
    <ClInclude Include="..\engine\include\mvc\U2PredefinedPrerequisites.h">
      <Filter>engine\include\mvc</Filter>
    </ClInclude>
    <ClInclude Include="..\engine\include\mvc\U2PredefinedProxies.h">
      <Filter>engine\include\mvc</Filter>
    </ClInclude>
    <ClInclude Include="..\engine\include\mvc\U2Proxy.h">
      <Filter>engine\include\mvc</Filter>
    </ClInclude>
    <ClInclude Include="..\engine\include\mvc\U2SimpleCommand.h">
      <Filter>engine\include\mvc</Filter>
    </ClInclude>
    <ClInclude Include="..\engine\include\mvc\U2TransStep.h">
      <Filter>engine\include\mvc</Filter>
    </ClInclude>
    <ClInclude Include="..\engine\include\mvc\U2View.h">
      <Filter>engine\include\mvc</Filter>
    </ClInclude>
    <ClInclude Include="..\engine\include\mvc\U2ViewComponent.h">
      <Filter>engine\include\mvc</Filter>
    </ClInclude>
    <ClInclude Include="..\engine\include\core\U2AlignedAllocator.h">
      <Filter>engine\include\core</Filter>
    </ClInclude>
    <ClInclude Include="..\engine\include\core\U2Config.h">
      <Filter>engine\include\core</Filter>
    </ClInclude>
    <ClInclude Include="..\engine\include\core\U2Core.h">
      <Filter>engine\include\core</Filter>
    </ClInclude>
    <ClInclude Include="..\engine\include\core\U2FactoryManager.h">
      <Filter>engine\include\core</Filter>
    </ClInclude>
    <ClInclude Include="..\engine\include\core\U2FactoryObj.h">
      <Filter>engine\include\core</Filter>
    </ClInclude>
    <ClInclude Include="..\engine\include\core\U2HeaderPrefix.h">
      <Filter>engine\include\core</Filter>
    </ClInclude>
    <ClInclude Include="..\engine\include\core\U2HeaderSuffix.h">
      <Filter>engine\include\core</Filter>
    </ClInclude>
    <ClInclude Include="..\engine\include\core\U2IteratorWrapper.h">
      <Filter>engine\include\core</Filter>
    </ClInclude>
    <ClInclude Include="..\engine\include\core\U2MemoryAllocatedObject.h">
      <Filter>engine\include\core</Filter>
    </ClInclude>
    <ClInclude Include="..\engine\include\core\U2MemoryAllocatorConfig.h">
      <Filter>engine\include\core</Filter>
    </ClInclude>
    <ClInclude Include="..\engine\include\core\U2MemoryStdAlloc.h">
      <Filter>engine\include\core</Filter>
    </ClInclude>
    <ClInclude Include="..\engine\include\core\U2MemorySTLAllocator.h">
      <Filter>engine\include\core</Filter>
    </ClInclude>
    <ClInclude Include="..\engine\include\core\U2MemoryTracker.h">
      <Filter>engine\include\core</Filter>
    </ClInclude>
    <ClInclude Include="..\engine\include\core\U2NameGenerator.h">
      <Filter>engine\include\core</Filter>
    </ClInclude>
    <ClInclude Include="..\engine\include\core\U2Object.h">
      <Filter>engine\include\core</Filter>
    </ClInclude>
    <ClInclude Include="..\engine\include\core\U2Platform.h">
      <Filter>engine\include\core</Filter>
    </ClInclude>
    <ClInclude Include="..\engine\include\core\U2PoolingObjectManager.h">
      <Filter>engine\include\core</Filter>
    </ClInclude>
    <ClInclude Include="..\engine\include\core\U2Prerequisites.h">
      <Filter>engine\include\core</Filter>
    </ClInclude>
    <ClInclude Include="..\engine\include\core\U2SimpleObjectManager.h">
      <Filter>engine\include\core</Filter>
    </ClInclude>
    <ClInclude Include="..\engine\include\core\U2Singleton.h">
      <Filter>engine\include\core</Filter>
    </ClInclude>
    <ClInclude Include="..\engine\include\core\U2StdHeader.h">
      <Filter>engine\include\core</Filter>
    </ClInclude>
    <ClInclude Include="..\engine\include\core\U2STLRedefined.h">
      <Filter>engine\include\core</Filter>
    </ClInclude>
    <ClInclude Include="..\engine\include\core\U2TypedObjectManager.h">
      <Filter>engine\include\core</Filter>
    </ClInclude>
    <ClInclude Include="..\engine\include\core\threading\U2ThreadHeaders.h">
      <Filter>engine\include\core\threading</Filter>
    </ClInclude>
    <ClInclude Include="..\engine\include\core\streams\U2CodeCvt.h">
      <Filter>engine\include\core\streams</Filter>
    </ClInclude>
    <ClInclude Include="..\engine\include\core\streams\U2DataFilterStream.h">
      <Filter>engine\include\core\streams</Filter>
    </ClInclude>
    <ClInclude Include="..\engine\include\core\streams\U2FileStream.h">
      <Filter>engine\include\core\streams</Filter>
    </ClInclude>
    <ClInclude Include="..\engine\include\core\streams\U2FilterStream.h">
      <Filter>engine\include\core\streams</Filter>
    </ClInclude>
    <ClInclude Include="..\engine\include\core\streams\U2Stream.h">
      <Filter>engine\include\core\streams</Filter>
    </ClInclude>
    <ClInclude Include="..\gamebase\U2CocosFrameListenerCollection.h">
      <Filter>gamebase</Filter>
    </ClInclude>
    <ClInclude Include="..\gamebase\U2CocosViewComponent.h">
      <Filter>gamebase</Filter>
    </ClInclude>
    <ClInclude Include="..\gamebase\U2GameBase.h">
      <Filter>gamebase</Filter>
    </ClInclude>
    <ClInclude Include="..\engine\include\core\threading\U2TaskGroup.h">
      <Filter>engine\include\core\threading</Filter>
    </ClInclude>
    <ClInclude Include="..\engine\include\core\threading\U2ThreadPoolInterface.h">
      <Filter>engine\include\core\threading</Filter>
    </ClInclude>
    <ClInclude Include="..\engine\include\core\threading\U2GenericThreadPool.h">
      <Filter>engine\include\core\threading</Filter>
    </ClInclude>
    <ClInclude Include="..\engine\include\core\threading\U2HomogenousQueue.h">
      <Filter>engine\include\core\threading</Filter>
    </ClInclude>
    <ClInclude Include="..\engine\include\core\threading\U2ThreadPoolUtil.h">
      <Filter>engine\include\core\threading</Filter>
    </ClInclude>
    <ClInclude Include="..\engine\include\core\threading\U2MakeIterator.h">
      <Filter>engine\include\core\threading</Filter>
    </ClInclude>
    <ClInclude Include="..\engine\include\core\threading\U2ParallelForEach.h">
      <Filter>engine\include\core\threading</Filter>
    </ClInclude>
    <ClInclude Include="..\engine\include\core\threading\U2ParallelTransform.h">
      <Filter>engine\include\core\threading</Filter>
    </ClInclude>
    <ClInclude Include="..\engine\include\core\U2Exception.h">
      <Filter>engine\include\core</Filter>
    </ClInclude>
    <ClInclude Include="..\engine\include\core\U2Log.h">
      <Filter>engine\include\core</Filter>
    </ClInclude>
    <ClInclude Include="..\engine\include\core\U2LogManager.h">
      <Filter>engine\include\core</Filter>
    </ClInclude>
    <ClInclude Include="..\engine\include\core\threading\U2Worker.h">
      <Filter>engine\include\core\threading</Filter>
    </ClInclude>
    <ClInclude Include="..\engine\include\core\U2ObjectCollection.h">
      <Filter>engine\include\core</Filter>
    </ClInclude>
    <ClInclude Include="..\engine\include\core\U2ValueList.h">
      <Filter>engine\include\core</Filter>
    </ClInclude>
    <ClInclude Include="..\engine\include\core\streams\U2PipedStream.h">
      <Filter>engine\include\core\streams</Filter>
    </ClInclude>
    <ClInclude Include="..\engine\include\core\streams\U2FileHandleStream.h">
      <Filter>engine\include\core\streams</Filter>
    </ClInclude>
    <ClInclude Include="..\engine\include\core\streams\U2ZipStream.h">
      <Filter>engine\include\core\streams</Filter>
    </ClInclude>
    <ClInclude Include="..\engine\include\core\streams\U2StreamQueue.h">
      <Filter>engine\include\core\streams</Filter>
    </ClInclude>
    <ClInclude Include="..\engine\include\core\streams\U2MemoryStream.h">
      <Filter>engine\include\core\streams</Filter>
    </ClInclude>
    <ClInclude Include="..\engine\include\core\U2StringUtil.h">
      <Filter>engine\include\core</Filter>
    </ClInclude>
    <ClInclude Include="..\engine\include\core\U2Archive.h">
      <Filter>engine\include\core</Filter>
    </ClInclude>
    <ClInclude Include="..\engine\include\core\U2FileSystemArchive.h">
      <Filter>engine\include\core</Filter>
    </ClInclude>
    <ClInclude Include="..\engine\include\core\U2ZipArchive.h">
      <Filter>engine\include\core</Filter>
    </ClInclude>
    <ClInclude Include="..\engine\include\core\U2SearchOps.h">
      <Filter>engine\include\core</Filter>
    </ClInclude>
    <ClInclude Include="..\engine\include\core\U2Resource.h">
      <Filter>engine\include\core</Filter>
    </ClInclude>
    <ClInclude Include="..\engine\include\core\U2ResourceGroupManager.h">
      <Filter>engine\include\core</Filter>
    </ClInclude>
    <ClInclude Include="..\engine\include\core\U2ResourceManager.h">
      <Filter>engine\include\core</Filter>
    </ClInclude>
    <ClInclude Include="..\engine\include\core\U2Common.h">
      <Filter>engine\include\core</Filter>
    </ClInclude>
    <ClInclude Include="..\engine\include\core\U2StringInterface.h">
      <Filter>engine\include\core</Filter>
    </ClInclude>
    <ClInclude Include="..\engine\include\core\U2ScriptLoader.h">
      <Filter>engine\include\core</Filter>
    </ClInclude>
    <ClInclude Include="..\engine\include\core\U2ConfigFile.h">
      <Filter>engine\include\core</Filter>
    </ClInclude>
    <ClInclude Include="..\engine\include\core\U2AtomicScalar.h">
      <Filter>engine\include\core</Filter>
    </ClInclude>
    <ClInclude Include="..\engine\include\core\U2FileSystemLayer.h">
      <Filter>engine\include\core</Filter>
    </ClInclude>
    <ClInclude Include="..\engine\include\core\streams\U2StringStream.h">
      <Filter>engine\include\core\streams</Filter>
    </ClInclude>
    <ClInclude Include="..\engine\include\core\U2Task.h">
      <Filter>engine\include\core</Filter>
    </ClInclude>
    <ClInclude Include="..\engine\include\core\U2TaskLoop.h">
      <Filter>engine\include\core</Filter>
    </ClInclude>
    <ClInclude Include="..\engine\include\core\U2TNedObjectManager.h">
      <Filter>engine\include\core</Filter>
    </ClInclude>
    <ClInclude Include="..\engine\include\core\U2DataPool.h">
      <Filter>engine\include\core</Filter>
    </ClInclude>
    <ClInclude Include="..\engine\include\core\U2HttpClientImpl.h">
      <Filter>engine\include\core</Filter>
    </ClInclude>
    <ClInclude Include="..\engine\include\core\U2HttpClient.h">
      <Filter>engine\include\core</Filter>
    </ClInclude>
    <ClInclude Include="..\engine\include\core\U2HttpDownloadClient.h">
      <Filter>engine\include\core</Filter>
    </ClInclude>
    <ClInclude Include="..\engine\include\core\U2FrameListenerCollection.h">
      <Filter>engine\include\core</Filter>
    </ClInclude>
    <ClInclude Include="..\engine\include\mvc\U2Herald.h">
      <Filter>engine\include\mvc</Filter>
    </ClInclude>
    <ClInclude Include="..\engine\include\mvc\U2LuaScript.h">
      <Filter>engine\include\mvc</Filter>
    </ClInclude>
    <ClInclude Include="..\engine\include\mvc\U2PredefinedLuaTasks.h">
      <Filter>engine\include\mvc</Filter>
    </ClInclude>
    <ClInclude Include="..\engine\include\mvc\U2Script.h">
      <Filter>engine\include\mvc</Filter>
    </ClInclude>
    <ClInclude Include="..\engine\include\lua\lapi.h">
      <Filter>engine\include\lua</Filter>
    </ClInclude>
    <ClInclude Include="..\engine\include\lua\lauxlib.h">
      <Filter>engine\include\lua</Filter>
    </ClInclude>
    <ClInclude Include="..\engine\include\lua\lcode.h">
      <Filter>engine\include\lua</Filter>
    </ClInclude>
    <ClInclude Include="..\engine\include\lua\ldebug.h">
      <Filter>engine\include\lua</Filter>
    </ClInclude>
    <ClInclude Include="..\engine\include\lua\ldo.h">
      <Filter>engine\include\lua</Filter>
    </ClInclude>
    <ClInclude Include="..\engine\include\lua\lfunc.h">
      <Filter>engine\include\lua</Filter>
    </ClInclude>
    <ClInclude Include="..\engine\include\lua\lgc.h">
      <Filter>engine\include\lua</Filter>
    </ClInclude>
    <ClInclude Include="..\engine\include\lua\llex.h">
      <Filter>engine\include\lua</Filter>
    </ClInclude>
    <ClInclude Include="..\engine\include\lua\llimits.h">
      <Filter>engine\include\lua</Filter>
    </ClInclude>
    <ClInclude Include="..\engine\include\lua\lmem.h">
      <Filter>engine\include\lua</Filter>
    </ClInclude>
    <ClInclude Include="..\engine\include\lua\lobject.h">
      <Filter>engine\include\lua</Filter>
    </ClInclude>
    <ClInclude Include="..\engine\include\lua\lopcodes.h">
      <Filter>engine\include\lua</Filter>
    </ClInclude>
    <ClInclude Include="..\engine\include\lua\lparser.h">
      <Filter>engine\include\lua</Filter>
    </ClInclude>
    <ClInclude Include="..\engine\include\lua\lstate.h">
      <Filter>engine\include\lua</Filter>
    </ClInclude>
    <ClInclude Include="..\engine\include\lua\lstring.h">
      <Filter>engine\include\lua</Filter>
    </ClInclude>
    <ClInclude Include="..\engine\include\lua\ltable.h">
      <Filter>engine\include\lua</Filter>
    </ClInclude>
    <ClInclude Include="..\engine\include\lua\ltm.h">
      <Filter>engine\include\lua</Filter>
    </ClInclude>
    <ClInclude Include="..\engine\include\lua\lua.h">
      <Filter>engine\include\lua</Filter>
    </ClInclude>
    <ClInclude Include="..\engine\include\lua\luaconf.h">
      <Filter>engine\include\lua</Filter>
    </ClInclude>
    <ClInclude Include="..\engine\include\lua\lualib.h">
      <Filter>engine\include\lua</Filter>
    </ClInclude>
    <ClInclude Include="..\engine\include\lua\lundump.h">
      <Filter>engine\include\lua</Filter>
    </ClInclude>
    <ClInclude Include="..\engine\include\lua\lvm.h">
      <Filter>engine\include\lua</Filter>
    </ClInclude>
    <ClInclude Include="..\engine\include\lua\lzio.h">
      <Filter>engine\include\lua</Filter>
    </ClInclude>
    <ClInclude Include="..\gamebase\U2CocosLuaScript.h">
      <Filter>gamebase</Filter>
    </ClInclude>
    <ClInclude Include="..\gamebase\U2CocosPrerequisites.h">
      <Filter>gamebase</Filter>
    </ClInclude>
    <ClInclude Include="..\Classes\application\AppCommands.h">
      <Filter>src\application</Filter>
    </ClInclude>
    <ClInclude Include="..\Classes\application\AppFacade.h">
      <Filter>src\application</Filter>
    </ClInclude>
    <ClInclude Include="..\Classes\application\AppLuaTasks.h">
      <Filter>src\application</Filter>
    </ClInclude>
    <ClInclude Include="..\Classes\application\AppPrerequisites.h">
      <Filter>src\application</Filter>
    </ClInclude>
    <ClInclude Include="..\Classes\application\AppViewComponents.h">
      <Filter>src\application</Filter>
    </ClInclude>
    <ClInclude Include="..\engine\include\core\U2Version.h">
      <Filter>engine\include\core</Filter>
    </ClInclude>
    <ClInclude Include="..\luabridge\U2AllLuaBridge.h">
      <Filter>luabridge</Filter>
    </ClInclude>
    <ClInclude Include="..\luabridge\U2ConstantBridge.h">
      <Filter>luabridge</Filter>
    </ClInclude>
    <ClInclude Include="..\luabridge\U2DataModelBridge.h">
      <Filter>luabridge</Filter>
    </ClInclude>
    <ClInclude Include="..\luabridge\U2GameBridge.h">
      <Filter>luabridge</Filter>
    </ClInclude>
    <ClInclude Include="..\luabridge\U2LuaScriptBridge.h">
      <Filter>luabridge</Filter>
    </ClInclude>
    <ClInclude Include="..\luabridge\U2MvcBridge.h">
      <Filter>luabridge</Filter>
    </ClInclude>
    <ClInclude Include="..\engine\include\core\U2Component.h">
      <Filter>engine\include\core</Filter>
    </ClInclude>
    <ClInclude Include="..\engine\include\core\U2System.h">
      <Filter>engine\include\core</Filter>
    </ClInclude>
    <ClInclude Include="..\engine\include\core\U2GameObject.h">
      <Filter>engine\include\core</Filter>
    </ClInclude>
    <ClInclude Include="..\engine\include\core\U2Prototype.h">
      <Filter>engine\include\core</Filter>
    </ClInclude>
    <ClInclude Include="..\engine\include\core\U2XmlSerialize.h">
      <Filter>engine\include\core</Filter>
    </ClInclude>
    <ClInclude Include="..\engine\include\core\U2GameObjectSerialize.h">
      <Filter>engine\include\core</Filter>
    </ClInclude>
    <ClInclude Include="..\engine\include\core\U2WebSocketClient.h">
      <Filter>engine\include\core</Filter>
    </ClInclude>
    <ClInclude Include="..\engine\include\core\U2SocketTask.h">
      <Filter>engine\include\core</Filter>
    </ClInclude>
    <ClInclude Include="..\engine\include\json\reader.h">
      <Filter>engine\include\json</Filter>
    </ClInclude>
    <ClInclude Include="..\engine\include\json\value.h">
      <Filter>engine\include\json</Filter>
    </ClInclude>
    <ClInclude Include="..\engine\include\json\writer.h">
      <Filter>engine\include\json</Filter>
    </ClInclude>
    <ClInclude Include="..\engine\include\json\json.h">
      <Filter>engine\include\json</Filter>
    </ClInclude>
    <ClInclude Include="..\engine\include\json\allocator.h">
      <Filter>engine\include\json</Filter>
    </ClInclude>
    <ClInclude Include="..\engine\include\json\assertions.h">
      <Filter>engine\include\json</Filter>
    </ClInclude>
    <ClInclude Include="..\engine\include\json\autolink.h">
      <Filter>engine\include\json</Filter>
    </ClInclude>
    <ClInclude Include="..\engine\include\json\config.h">
      <Filter>engine\include\json</Filter>
    </ClInclude>
    <ClInclude Include="..\engine\include\json\features.h">
      <Filter>engine\include\json</Filter>
    </ClInclude>
    <ClInclude Include="..\engine\include\json\forwards.h">
      <Filter>engine\include\json</Filter>
    </ClInclude>
    <ClInclude Include="..\engine\include\json\version.h">
      <Filter>engine\include\json</Filter>
    </ClInclude>
    <ClInclude Include="..\engine\include\json\json_tool.h">
      <Filter>engine\include\json</Filter>
    </ClInclude>
    <ClInclude Include="..\engine\include\core\U2WebSocketClientImpl.h">
      <Filter>engine\include\core</Filter>
    </ClInclude>
    <ClInclude Include="..\engine\include\core\U2LogicClient.h">
      <Filter>engine\include\core</Filter>
    </ClInclude>
    <ClInclude Include="..\engine\include\core\U2Scheduler.h">
      <Filter>engine\include\core</Filter>
    </ClInclude>
    <ClInclude Include="..\engine\include\core\Win\U2TimerImp.h">
      <Filter>engine\include\core\Win</Filter>
    </ClInclude>
    <ClInclude Include="..\engine\include\core\U2Timer.h">
      <Filter>engine\include\core</Filter>
    </ClInclude>
    <ClInclude Include="..\engine\include\core\U2Bitwise.h">
      <Filter>engine\include\core</Filter>
    </ClInclude>
    <ClInclude Include="..\engine\include\core\U2ComponentSerialize.h">
      <Filter>engine\include\core</Filter>
    </ClInclude>
    <ClInclude Include="..\engine\include\xml\tinystr.h">
      <Filter>engine\include\xml</Filter>
    </ClInclude>
    <ClInclude Include="..\engine\include\xml\tinyxml.h">
      <Filter>engine\include\xml</Filter>
    </ClInclude>
    <ClInclude Include="..\Classes\battle\JoystickViewComponent.h">
      <Filter>src\battle</Filter>
    </ClInclude>
    <ClInclude Include="..\Classes\battle\BattleCommands.h">
      <Filter>src\battle</Filter>
    </ClInclude>
    <ClInclude Include="..\Classes\battle\BattleViewComponents.h">
      <Filter>src\battle</Filter>
    </ClInclude>
    <ClInclude Include="..\engine\include\core\streams\U2VariableMemStream.h">
      <Filter>engine\include\core\streams</Filter>
    </ClInclude>
    <ClInclude Include="..\Classes\ecs\GameComponentManager.h">
      <Filter>src\ecs</Filter>
    </ClInclude>
    <ClInclude Include="..\Classes\ecs\GameComponents.h">
      <Filter>src\ecs</Filter>
    </ClInclude>
    <ClInclude Include="..\Classes\ecs\GameSystems.h">
      <Filter>src\ecs</Filter>
    </ClInclude>
    <ClInclude Include="..\Classes\tasks\GameWsClientImpl.h">
      <Filter>src\tasks</Filter>
    </ClInclude>
    <ClInclude Include="..\Classes\tasks\GameRecvSocketTasks.h">
      <Filter>src\tasks</Filter>
    </ClInclude>
    <ClInclude Include="..\Classes\tasks\GameSendSocketTasks.h">
      <Filter>src\tasks</Filter>
    </ClInclude>
    <ClInclude Include="..\Classes\tasks\GameHttpRequests.h">
      <Filter>src\tasks</Filter>
    </ClInclude>
    <ClInclude Include="..\Classes\tasks\GameHttpResponses.h">
      <Filter>src\tasks</Filter>
    </ClInclude>
    <ClInclude Include="..\engine\include\core\U2Root.h">
      <Filter>engine\include\core</Filter>
    </ClInclude>
    <ClInclude Include="..\engine\include\core\U2UrlUtils.h">
      <Filter>engine\include\core</Filter>
    </ClInclude>
    <ClInclude Include="..\Classes\tasks\GameUrlMaker.h">
      <Filter>src\tasks</Filter>
    </ClInclude>
    <ClInclude Include="..\Classes\GameDataPool.h">
      <Filter>src</Filter>
    </ClInclude>
    <ClInclude Include="..\Classes\ecs\GameScene.h">
      <Filter>src\ecs</Filter>
    </ClInclude>
  </ItemGroup>
  <ItemGroup>
    <ResourceCompile Include="game.rc">
      <Filter>resource</Filter>
    </ResourceCompile>
  </ItemGroup>
</Project>