Microsoft Visual Studio Solution File, Format Version 12.00
# Visual Studio 14
Project("{8BC9CEB8-8B4A-11D0-8D11-00A0C91BC942}") = "ALL_BUILD", "ALL_BUILD.vcxproj", "{2A1F7DF4-3F4D-3303-AD2A-73F713C4DA30}"
	ProjectSection(ProjectDependencies) = postProject
		{1B25019F-FD89-373E-B614-950E5D1DDFCE} = {1B25019F-FD89-373E-B614-950E5D1DDFCE}
		{9496DA5C-F100-32DE-A75F-21C4B719AC45} = {9496DA5C-F100-32DE-A75F-21C4B719AC45}
		{BDA5330D-C316-39FD-97DD-A4AAF4676296} = {BDA5330D-C316-39FD-97DD-A4AAF4676296}
		{D402EDBB-E93C-3CEA-926E-772D49104A79} = {D402EDBB-E93C-3CEA-926E-772D49104A79}
		{9EFB2BBC-2D2A-3BBA-8D26-F85FEF4E9CBF} = {9EFB2BBC-2D2A-3BBA-8D26-F85FEF4E9CBF}
	EndProjectSection
EndProject
Project("{8BC9CEB8-8B4A-11D0-8D11-00A0C91BC942}") = "INSTALL", "INSTALL.vcxproj", "{8072488A-422A-3AC5-8CFC-35F85528BCE0}"
	ProjectSection(ProjectDependencies) = postProject
		{2A1F7DF4-3F4D-3303-AD2A-73F713C4DA30} = {2A1F7DF4-3F4D-3303-AD2A-73F713C4DA30}
	EndProjectSection
EndProject
Project("{8BC9CEB8-8B4A-11D0-8D11-00A0C91BC942}") = "ZERO_CHECK", "ZERO_CHECK.vcxproj", "{1B25019F-FD89-373E-B614-950E5D1DDFCE}"
	ProjectSection(ProjectDependencies) = postProject
	EndProjectSection
EndProject
Project("{8BC9CEB8-8B4A-11D0-8D11-00A0C91BC942}") = "libprotobuf", "libprotobuf.vcxproj", "{9496DA5C-F100-32DE-A75F-21C4B719AC45}"
	ProjectSection(ProjectDependencies) = postProject
		{1B25019F-FD89-373E-B614-950E5D1DDFCE} = {1B25019F-FD89-373E-B614-950E5D1DDFCE}
	EndProjectSection
EndProject
Project("{8BC9CEB8-8B4A-11D0-8D11-00A0C91BC942}") = "libprotobuf-lite", "libprotobuf-lite.vcxproj", "{BDA5330D-C316-39FD-97DD-A4AAF4676296}"
	ProjectSection(ProjectDependencies) = postProject
		{1B25019F-FD89-373E-B614-950E5D1DDFCE} = {1B25019F-FD89-373E-B614-950E5D1DDFCE}
	EndProjectSection
EndProject
Project("{8BC9CEB8-8B4A-11D0-8D11-00A0C91BC942}") = "libprotoc", "libprotoc.vcxproj", "{D402EDBB-E93C-3CEA-926E-772D49104A79}"
	ProjectSection(ProjectDependencies) = postProject
		{1B25019F-FD89-373E-B614-950E5D1DDFCE} = {1B25019F-FD89-373E-B614-950E5D1DDFCE}
		{9496DA5C-F100-32DE-A75F-21C4B719AC45} = {9496DA5C-F100-32DE-A75F-21C4B719AC45}
	EndProjectSection
EndProject
Project("{8BC9CEB8-8B4A-11D0-8D11-00A0C91BC942}") = "protoc", "protoc.vcxproj", "{9EFB2BBC-2D2A-3BBA-8D26-F85FEF4E9CBF}"
	ProjectSection(ProjectDependencies) = postProject
		{1B25019F-FD89-373E-B614-950E5D1DDFCE} = {1B25019F-FD89-373E-B614-950E5D1DDFCE}
		{9496DA5C-F100-32DE-A75F-21C4B719AC45} = {9496DA5C-F100-32DE-A75F-21C4B719AC45}
		{D402EDBB-E93C-3CEA-926E-772D49104A79} = {D402EDBB-E93C-3CEA-926E-772D49104A79}
	EndProjectSection
EndProject
Global
	GlobalSection(SolutionConfigurationPlatforms) = preSolution
		Debug|Win32 = Debug|Win32
		Release|Win32 = Release|Win32
		MinSizeRel|Win32 = MinSizeRel|Win32
		RelWithDebInfo|Win32 = RelWithDebInfo|Win32
	EndGlobalSection
	GlobalSection(ProjectConfigurationPlatforms) = postSolution
		{2A1F7DF4-3F4D-3303-AD2A-73F713C4DA30}.Debug|Win32.ActiveCfg = Debug|Win32
		{2A1F7DF4-3F4D-3303-AD2A-73F713C4DA30}.Debug|Win32.Build.0 = Debug|Win32
		{2A1F7DF4-3F4D-3303-AD2A-73F713C4DA30}.Release|Win32.ActiveCfg = Release|Win32
		{2A1F7DF4-3F4D-3303-AD2A-73F713C4DA30}.Release|Win32.Build.0 = Release|Win32
		{2A1F7DF4-3F4D-3303-AD2A-73F713C4DA30}.MinSizeRel|Win32.ActiveCfg = MinSizeRel|Win32
		{2A1F7DF4-3F4D-3303-AD2A-73F713C4DA30}.MinSizeRel|Win32.Build.0 = MinSizeRel|Win32
		{2A1F7DF4-3F4D-3303-AD2A-73F713C4DA30}.RelWithDebInfo|Win32.ActiveCfg = RelWithDebInfo|Win32
		{2A1F7DF4-3F4D-3303-AD2A-73F713C4DA30}.RelWithDebInfo|Win32.Build.0 = RelWithDebInfo|Win32
		{8072488A-422A-3AC5-8CFC-35F85528BCE0}.Debug|Win32.ActiveCfg = Debug|Win32
		{8072488A-422A-3AC5-8CFC-35F85528BCE0}.Release|Win32.ActiveCfg = Release|Win32
		{8072488A-422A-3AC5-8CFC-35F85528BCE0}.MinSizeRel|Win32.ActiveCfg = MinSizeRel|Win32
		{8072488A-422A-3AC5-8CFC-35F85528BCE0}.RelWithDebInfo|Win32.ActiveCfg = RelWithDebInfo|Win32
		{1B25019F-FD89-373E-B614-950E5D1DDFCE}.Debug|Win32.ActiveCfg = Debug|Win32
		{1B25019F-FD89-373E-B614-950E5D1DDFCE}.Debug|Win32.Build.0 = Debug|Win32
		{1B25019F-FD89-373E-B614-950E5D1DDFCE}.Release|Win32.ActiveCfg = Release|Win32
		{1B25019F-FD89-373E-B614-950E5D1DDFCE}.Release|Win32.Build.0 = Release|Win32
		{1B25019F-FD89-373E-B614-950E5D1DDFCE}.MinSizeRel|Win32.ActiveCfg = MinSizeRel|Win32
		{1B25019F-FD89-373E-B614-950E5D1DDFCE}.MinSizeRel|Win32.Build.0 = MinSizeRel|Win32
		{1B25019F-FD89-373E-B614-950E5D1DDFCE}.RelWithDebInfo|Win32.ActiveCfg = RelWithDebInfo|Win32
		{1B25019F-FD89-373E-B614-950E5D1DDFCE}.RelWithDebInfo|Win32.Build.0 = RelWithDebInfo|Win32
		{9496DA5C-F100-32DE-A75F-21C4B719AC45}.Debug|Win32.ActiveCfg = Debug|Win32
		{9496DA5C-F100-32DE-A75F-21C4B719AC45}.Debug|Win32.Build.0 = Debug|Win32
		{9496DA5C-F100-32DE-A75F-21C4B719AC45}.Release|Win32.ActiveCfg = Release|Win32
		{9496DA5C-F100-32DE-A75F-21C4B719AC45}.Release|Win32.Build.0 = Release|Win32
		{9496DA5C-F100-32DE-A75F-21C4B719AC45}.MinSizeRel|Win32.ActiveCfg = MinSizeRel|Win32
		{9496DA5C-F100-32DE-A75F-21C4B719AC45}.MinSizeRel|Win32.Build.0 = MinSizeRel|Win32
		{9496DA5C-F100-32DE-A75F-21C4B719AC45}.RelWithDebInfo|Win32.ActiveCfg = RelWithDebInfo|Win32
		{9496DA5C-F100-32DE-A75F-21C4B719AC45}.RelWithDebInfo|Win32.Build.0 = RelWithDebInfo|Win32
		{BDA5330D-C316-39FD-97DD-A4AAF4676296}.Debug|Win32.ActiveCfg = Debug|Win32
		{BDA5330D-C316-39FD-97DD-A4AAF4676296}.Debug|Win32.Build.0 = Debug|Win32
		{BDA5330D-C316-39FD-97DD-A4AAF4676296}.Release|Win32.ActiveCfg = Release|Win32
		{BDA5330D-C316-39FD-97DD-A4AAF4676296}.Release|Win32.Build.0 = Release|Win32
		{BDA5330D-C316-39FD-97DD-A4AAF4676296}.MinSizeRel|Win32.ActiveCfg = MinSizeRel|Win32
		{BDA5330D-C316-39FD-97DD-A4AAF4676296}.MinSizeRel|Win32.Build.0 = MinSizeRel|Win32
		{BDA5330D-C316-39FD-97DD-A4AAF4676296}.RelWithDebInfo|Win32.ActiveCfg = RelWithDebInfo|Win32
		{BDA5330D-C316-39FD-97DD-A4AAF4676296}.RelWithDebInfo|Win32.Build.0 = RelWithDebInfo|Win32
		{D402EDBB-E93C-3CEA-926E-772D49104A79}.Debug|Win32.ActiveCfg = Debug|Win32
		{D402EDBB-E93C-3CEA-926E-772D49104A79}.Debug|Win32.Build.0 = Debug|Win32
		{D402EDBB-E93C-3CEA-926E-772D49104A79}.Release|Win32.ActiveCfg = Release|Win32
		{D402EDBB-E93C-3CEA-926E-772D49104A79}.Release|Win32.Build.0 = Release|Win32
		{D402EDBB-E93C-3CEA-926E-772D49104A79}.MinSizeRel|Win32.ActiveCfg = MinSizeRel|Win32
		{D402EDBB-E93C-3CEA-926E-772D49104A79}.MinSizeRel|Win32.Build.0 = MinSizeRel|Win32
		{D402EDBB-E93C-3CEA-926E-772D49104A79}.RelWithDebInfo|Win32.ActiveCfg = RelWithDebInfo|Win32
		{D402EDBB-E93C-3CEA-926E-772D49104A79}.RelWithDebInfo|Win32.Build.0 = RelWithDebInfo|Win32
		{9EFB2BBC-2D2A-3BBA-8D26-F85FEF4E9CBF}.Debug|Win32.ActiveCfg = Debug|Win32
		{9EFB2BBC-2D2A-3BBA-8D26-F85FEF4E9CBF}.Debug|Win32.Build.0 = Debug|Win32
		{9EFB2BBC-2D2A-3BBA-8D26-F85FEF4E9CBF}.Release|Win32.ActiveCfg = Release|Win32
		{9EFB2BBC-2D2A-3BBA-8D26-F85FEF4E9CBF}.Release|Win32.Build.0 = Release|Win32
		{9EFB2BBC-2D2A-3BBA-8D26-F85FEF4E9CBF}.MinSizeRel|Win32.ActiveCfg = MinSizeRel|Win32
		{9EFB2BBC-2D2A-3BBA-8D26-F85FEF4E9CBF}.MinSizeRel|Win32.Build.0 = MinSizeRel|Win32
		{9EFB2BBC-2D2A-3BBA-8D26-F85FEF4E9CBF}.RelWithDebInfo|Win32.ActiveCfg = RelWithDebInfo|Win32
		{9EFB2BBC-2D2A-3BBA-8D26-F85FEF4E9CBF}.RelWithDebInfo|Win32.Build.0 = RelWithDebInfo|Win32
	EndGlobalSection
	GlobalSection(ExtensibilityGlobals) = postSolution
	EndGlobalSection
	GlobalSection(ExtensibilityAddIns) = postSolution
	EndGlobalSection
EndGlobal
